
Microsoft Visual Studio Solution File, Format Version 12.00
# Visual Studio Version 16
VisualStudioVersion = 25.0.1706.1
MinimumVisualStudioVersion = 10.0.40219.1
Project("{FAE04EC0-301F-11D3-BF4B-00C04F79EFBC}") = "25.07.2023", "25.07.2023\25.07.2023.csproj", "{86E79BBC-3A6B-4A1B-9075-FB2756F54C50}"
EndProject
Global
	GlobalSection(SolutionConfigurationPlatforms) = preSolution
		Debug|Any CPU = Debug|Any CPU
		Release|Any CPU = Release|Any CPU
	EndGlobalSection
	GlobalSection(ProjectConfigurationPlatforms) = postSolution
		{86E79BBC-3A6B-4A1B-9075-FB2756F54C50}.Debug|Any CPU.ActiveCfg = Debug|Any CPU
		{86E79BBC-3A6B-4A1B-9075-FB2756F54C50}.Debug|Any CPU.Build.0 = Debug|Any CPU
		{86E79BBC-3A6B-4A1B-9075-FB2756F54C50}.Release|Any CPU.ActiveCfg = Release|Any CPU
		{86E79BBC-3A6B-4A1B-9075-FB2756F54C50}.Release|Any CPU.Build.0 = Release|Any CPU
	EndGlobalSection
	GlobalSection(SolutionProperties) = preSolution
		HideSolutionNode = FALSE
	EndGlobalSection
	GlobalSection(ExtensibilityGlobals) = postSolution
		SolutionGuid = {D2646588-2536-4F9B-B5C0-CF91518A8936}
	EndGlobalSection
EndGlobal
